
Microsoft Visual Studio Solution File, Format Version 12.00
# Visual Studio 15
VisualStudioVersion = 15.0.27703.2000
MinimumVisualStudioVersion = 10.0.40219.1
Project("{9A19103F-16F7-4668-BE54-9A1E7A4F7556}") = "GEM.Mobile", "src\GEM.Channels.Mobile\GEM.Mobile\GEM.Mobile.csproj", "{C3538021-2EB2-4C9B-A448-07785C7DC1BA}"
EndProject
Project("{FAE04EC0-301F-11D3-BF4B-00C04F79EFBC}") = "GEM.Mobile.Android", "src\GEM.Channels.Mobile\GEM.Mobile.Android\GEM.Mobile.Android.csproj", "{D5122DB2-AEA5-47A3-9843-83770B5307DE}"
EndProject
Project("{FAE04EC0-301F-11D3-BF4B-00C04F79EFBC}") = "GEM.Mobile.iOS", "src\GEM.Channels.Mobile\GEM.Mobile.iOS\GEM.Mobile.iOS.csproj", "{744EC9A9-35BE-447A-A0E2-B9F4A6010FBC}"
EndProject
Project("{FAE04EC0-301F-11D3-BF4B-00C04F79EFBC}") = "GEM.Mobile.UWP", "src\GEM.Channels.Mobile\GEM.Mobile.UWP\GEM.Mobile.UWP.csproj", "{FFB43D95-39F6-4788-A29B-1D065171F482}"
EndProject
Project("{9A19103F-16F7-4668-BE54-9A1E7A4F7556}") = "GEM.Mobile.Test", "tests\GEM.Channels.Mobile.Test\GEM.Mobile.Test.csproj", "{AFA305E1-4133-4EEE-94EF-4F93EA2CA7F3}"
EndProject
Global
	GlobalSection(SolutionConfigurationPlatforms) = preSolution
		Ad-Hoc|Any CPU = Ad-Hoc|Any CPU
		Ad-Hoc|ARM = Ad-Hoc|ARM
		Ad-Hoc|iPhone = Ad-Hoc|iPhone
		Ad-Hoc|iPhoneSimulator = Ad-Hoc|iPhoneSimulator
		Ad-Hoc|x64 = Ad-Hoc|x64
		Ad-Hoc|x86 = Ad-Hoc|x86
		AppStore|Any CPU = AppStore|Any CPU
		AppStore|ARM = AppStore|ARM
		AppStore|iPhone = AppStore|iPhone
		AppStore|iPhoneSimulator = AppStore|iPhoneSimulator
		AppStore|x64 = AppStore|x64
		AppStore|x86 = AppStore|x86
		Debug|Any CPU = Debug|Any CPU
		Debug|ARM = Debug|ARM
		Debug|iPhone = Debug|iPhone
		Debug|iPhoneSimulator = Debug|iPhoneSimulator
		Debug|x64 = Debug|x64
		Debug|x86 = Debug|x86
		Release|Any CPU = Release|Any CPU
		Release|ARM = Release|ARM
		Release|iPhone = Release|iPhone
		Release|iPhoneSimulator = Release|iPhoneSimulator
		Release|x64 = Release|x64
		Release|x86 = Release|x86
	EndGlobalSection
	GlobalSection(ProjectConfigurationPlatforms) = postSolution
		{C3538021-2EB2-4C9B-A448-07785C7DC1BA}.Ad-Hoc|Any CPU.ActiveCfg = Debug|Any CPU
		{C3538021-2EB2-4C9B-A448-07785C7DC1BA}.Ad-Hoc|Any CPU.Build.0 = Debug|Any CPU
		{C3538021-2EB2-4C9B-A448-07785C7DC1BA}.Ad-Hoc|ARM.ActiveCfg = Debug|Any CPU
		{C3538021-2EB2-4C9B-A448-07785C7DC1BA}.Ad-Hoc|ARM.Build.0 = Debug|Any CPU
		{C3538021-2EB2-4C9B-A448-07785C7DC1BA}.Ad-Hoc|iPhone.ActiveCfg = Debug|Any CPU
		{C3538021-2EB2-4C9B-A448-07785C7DC1BA}.Ad-Hoc|iPhone.Build.0 = Debug|Any CPU
		{C3538021-2EB2-4C9B-A448-07785C7DC1BA}.Ad-Hoc|iPhoneSimulator.ActiveCfg = Debug|Any CPU
		{C3538021-2EB2-4C9B-A448-07785C7DC1BA}.Ad-Hoc|iPhoneSimulator.Build.0 = Debug|Any CPU
		{C3538021-2EB2-4C9B-A448-07785C7DC1BA}.Ad-Hoc|x64.ActiveCfg = Debug|Any CPU
		{C3538021-2EB2-4C9B-A448-07785C7DC1BA}.Ad-Hoc|x64.Build.0 = Debug|Any CPU
		{C3538021-2EB2-4C9B-A448-07785C7DC1BA}.Ad-Hoc|x86.ActiveCfg = Debug|Any CPU
		{C3538021-2EB2-4C9B-A448-07785C7DC1BA}.Ad-Hoc|x86.Build.0 = Debug|Any CPU
		{C3538021-2EB2-4C9B-A448-07785C7DC1BA}.AppStore|Any CPU.ActiveCfg = Debug|Any CPU
		{C3538021-2EB2-4C9B-A448-07785C7DC1BA}.AppStore|Any CPU.Build.0 = Debug|Any CPU
		{C3538021-2EB2-4C9B-A448-07785C7DC1BA}.AppStore|ARM.ActiveCfg = Debug|Any CPU
		{C3538021-2EB2-4C9B-A448-07785C7DC1BA}.AppStore|ARM.Build.0 = Debug|Any CPU
		{C3538021-2EB2-4C9B-A448-07785C7DC1BA}.AppStore|iPhone.ActiveCfg = Debug|Any CPU
		{C3538021-2EB2-4C9B-A448-07785C7DC1BA}.AppStore|iPhone.Build.0 = Debug|Any CPU
		{C3538021-2EB2-4C9B-A448-07785C7DC1BA}.AppStore|iPhoneSimulator.ActiveCfg = Debug|Any CPU
		{C3538021-2EB2-4C9B-A448-07785C7DC1BA}.AppStore|iPhoneSimulator.Build.0 = Debug|Any CPU
		{C3538021-2EB2-4C9B-A448-07785C7DC1BA}.AppStore|x64.ActiveCfg = Debug|Any CPU
		{C3538021-2EB2-4C9B-A448-07785C7DC1BA}.AppStore|x64.Build.0 = Debug|Any CPU
		{C3538021-2EB2-4C9B-A448-07785C7DC1BA}.AppStore|x86.ActiveCfg = Debug|Any CPU
		{C3538021-2EB2-4C9B-A448-07785C7DC1BA}.AppStore|x86.Build.0 = Debug|Any CPU
		{C3538021-2EB2-4C9B-A448-07785C7DC1BA}.Debug|Any CPU.ActiveCfg = Debug|Any CPU
		{C3538021-2EB2-4C9B-A448-07785C7DC1BA}.Debug|Any CPU.Build.0 = Debug|Any CPU
		{C3538021-2EB2-4C9B-A448-07785C7DC1BA}.Debug|ARM.ActiveCfg = Debug|Any CPU
		{C3538021-2EB2-4C9B-A448-07785C7DC1BA}.Debug|ARM.Build.0 = Debug|Any CPU
		{C3538021-2EB2-4C9B-A448-07785C7DC1BA}.Debug|iPhone.ActiveCfg = Debug|Any CPU
		{C3538021-2EB2-4C9B-A448-07785C7DC1BA}.Debug|iPhone.Build.0 = Debug|Any CPU
		{C3538021-2EB2-4C9B-A448-07785C7DC1BA}.Debug|iPhoneSimulator.ActiveCfg = Debug|Any CPU
		{C3538021-2EB2-4C9B-A448-07785C7DC1BA}.Debug|iPhoneSimulator.Build.0 = Debug|Any CPU
		{C3538021-2EB2-4C9B-A448-07785C7DC1BA}.Debug|x64.ActiveCfg = Debug|Any CPU
		{C3538021-2EB2-4C9B-A448-07785C7DC1BA}.Debug|x64.Build.0 = Debug|Any CPU
		{C3538021-2EB2-4C9B-A448-07785C7DC1BA}.Debug|x86.ActiveCfg = Debug|Any CPU
		{C3538021-2EB2-4C9B-A448-07785C7DC1BA}.Debug|x86.Build.0 = Debug|Any CPU
		{C3538021-2EB2-4C9B-A448-07785C7DC1BA}.Release|Any CPU.ActiveCfg = Release|Any CPU
		{C3538021-2EB2-4C9B-A448-07785C7DC1BA}.Release|Any CPU.Build.0 = Release|Any CPU
		{C3538021-2EB2-4C9B-A448-07785C7DC1BA}.Release|ARM.ActiveCfg = Release|Any CPU
		{C3538021-2EB2-4C9B-A448-07785C7DC1BA}.Release|ARM.Build.0 = Release|Any CPU
		{C3538021-2EB2-4C9B-A448-07785C7DC1BA}.Release|iPhone.ActiveCfg = Release|Any CPU
		{C3538021-2EB2-4C9B-A448-07785C7DC1BA}.Release|iPhone.Build.0 = Release|Any CPU
		{C3538021-2EB2-4C9B-A448-07785C7DC1BA}.Release|iPhoneSimulator.ActiveCfg = Release|Any CPU
		{C3538021-2EB2-4C9B-A448-07785C7DC1BA}.Release|iPhoneSimulator.Build.0 = Release|Any CPU
		{C3538021-2EB2-4C9B-A448-07785C7DC1BA}.Release|x64.ActiveCfg = Release|Any CPU
		{C3538021-2EB2-4C9B-A448-07785C7DC1BA}.Release|x64.Build.0 = Release|Any CPU
		{C3538021-2EB2-4C9B-A448-07785C7DC1BA}.Release|x86.ActiveCfg = Release|Any CPU
		{C3538021-2EB2-4C9B-A448-07785C7DC1BA}.Release|x86.Build.0 = Release|Any CPU
		{D5122DB2-AEA5-47A3-9843-83770B5307DE}.Ad-Hoc|Any CPU.ActiveCfg = Release|Any CPU
		{D5122DB2-AEA5-47A3-9843-83770B5307DE}.Ad-Hoc|Any CPU.Build.0 = Release|Any CPU
		{D5122DB2-AEA5-47A3-9843-83770B5307DE}.Ad-Hoc|Any CPU.Deploy.0 = Release|Any CPU
		{D5122DB2-AEA5-47A3-9843-83770B5307DE}.Ad-Hoc|ARM.ActiveCfg = Release|Any CPU
		{D5122DB2-AEA5-47A3-9843-83770B5307DE}.Ad-Hoc|ARM.Build.0 = Release|Any CPU
		{D5122DB2-AEA5-47A3-9843-83770B5307DE}.Ad-Hoc|ARM.Deploy.0 = Release|Any CPU
		{D5122DB2-AEA5-47A3-9843-83770B5307DE}.Ad-Hoc|iPhone.ActiveCfg = Release|Any CPU
		{D5122DB2-AEA5-47A3-9843-83770B5307DE}.Ad-Hoc|iPhone.Build.0 = Release|Any CPU
		{D5122DB2-AEA5-47A3-9843-83770B5307DE}.Ad-Hoc|iPhone.Deploy.0 = Release|Any CPU
		{D5122DB2-AEA5-47A3-9843-83770B5307DE}.Ad-Hoc|iPhoneSimulator.ActiveCfg = Release|Any CPU
		{D5122DB2-AEA5-47A3-9843-83770B5307DE}.Ad-Hoc|iPhoneSimulator.Build.0 = Release|Any CPU
		{D5122DB2-AEA5-47A3-9843-83770B5307DE}.Ad-Hoc|iPhoneSimulator.Deploy.0 = Release|Any CPU
		{D5122DB2-AEA5-47A3-9843-83770B5307DE}.Ad-Hoc|x64.ActiveCfg = Release|Any CPU
		{D5122DB2-AEA5-47A3-9843-83770B5307DE}.Ad-Hoc|x64.Build.0 = Release|Any CPU
		{D5122DB2-AEA5-47A3-9843-83770B5307DE}.Ad-Hoc|x64.Deploy.0 = Release|Any CPU
		{D5122DB2-AEA5-47A3-9843-83770B5307DE}.Ad-Hoc|x86.ActiveCfg = Release|Any CPU
		{D5122DB2-AEA5-47A3-9843-83770B5307DE}.Ad-Hoc|x86.Build.0 = Release|Any CPU
		{D5122DB2-AEA5-47A3-9843-83770B5307DE}.Ad-Hoc|x86.Deploy.0 = Release|Any CPU
		{D5122DB2-AEA5-47A3-9843-83770B5307DE}.AppStore|Any CPU.ActiveCfg = Release|Any CPU
		{D5122DB2-AEA5-47A3-9843-83770B5307DE}.AppStore|Any CPU.Build.0 = Release|Any CPU
		{D5122DB2-AEA5-47A3-9843-83770B5307DE}.AppStore|Any CPU.Deploy.0 = Release|Any CPU
		{D5122DB2-AEA5-47A3-9843-83770B5307DE}.AppStore|ARM.ActiveCfg = Release|Any CPU
		{D5122DB2-AEA5-47A3-9843-83770B5307DE}.AppStore|ARM.Build.0 = Release|Any CPU
		{D5122DB2-AEA5-47A3-9843-83770B5307DE}.AppStore|ARM.Deploy.0 = Release|Any CPU
		{D5122DB2-AEA5-47A3-9843-83770B5307DE}.AppStore|iPhone.ActiveCfg = Release|Any CPU
		{D5122DB2-AEA5-47A3-9843-83770B5307DE}.AppStore|iPhone.Build.0 = Release|Any CPU
		{D5122DB2-AEA5-47A3-9843-83770B5307DE}.AppStore|iPhone.Deploy.0 = Release|Any CPU
		{D5122DB2-AEA5-47A3-9843-83770B5307DE}.AppStore|iPhoneSimulator.ActiveCfg = Release|Any CPU
		{D5122DB2-AEA5-47A3-9843-83770B5307DE}.AppStore|iPhoneSimulator.Build.0 = Release|Any CPU
		{D5122DB2-AEA5-47A3-9843-83770B5307DE}.AppStore|iPhoneSimulator.Deploy.0 = Release|Any CPU
		{D5122DB2-AEA5-47A3-9843-83770B5307DE}.AppStore|x64.ActiveCfg = Release|Any CPU
		{D5122DB2-AEA5-47A3-9843-83770B5307DE}.AppStore|x64.Build.0 = Release|Any CPU
		{D5122DB2-AEA5-47A3-9843-83770B5307DE}.AppStore|x64.Deploy.0 = Release|Any CPU
		{D5122DB2-AEA5-47A3-9843-83770B5307DE}.AppStore|x86.ActiveCfg = Release|Any CPU
		{D5122DB2-AEA5-47A3-9843-83770B5307DE}.AppStore|x86.Build.0 = Release|Any CPU
		{D5122DB2-AEA5-47A3-9843-83770B5307DE}.AppStore|x86.Deploy.0 = Release|Any CPU
		{D5122DB2-AEA5-47A3-9843-83770B5307DE}.Debug|Any CPU.ActiveCfg = Debug|Any CPU
		{D5122DB2-AEA5-47A3-9843-83770B5307DE}.Debug|Any CPU.Build.0 = Debug|Any CPU
		{D5122DB2-AEA5-47A3-9843-83770B5307DE}.Debug|Any CPU.Deploy.0 = Debug|Any CPU
		{D5122DB2-AEA5-47A3-9843-83770B5307DE}.Debug|ARM.ActiveCfg = Debug|Any CPU
		{D5122DB2-AEA5-47A3-9843-83770B5307DE}.Debug|ARM.Build.0 = Debug|Any CPU
		{D5122DB2-AEA5-47A3-9843-83770B5307DE}.Debug|ARM.Deploy.0 = Debug|Any CPU
		{D5122DB2-AEA5-47A3-9843-83770B5307DE}.Debug|iPhone.ActiveCfg = Debug|Any CPU
		{D5122DB2-AEA5-47A3-9843-83770B5307DE}.Debug|iPhone.Build.0 = Debug|Any CPU
		{D5122DB2-AEA5-47A3-9843-83770B5307DE}.Debug|iPhone.Deploy.0 = Debug|Any CPU
		{D5122DB2-AEA5-47A3-9843-83770B5307DE}.Debug|iPhoneSimulator.ActiveCfg = Debug|Any CPU
		{D5122DB2-AEA5-47A3-9843-83770B5307DE}.Debug|iPhoneSimulator.Build.0 = Debug|Any CPU
		{D5122DB2-AEA5-47A3-9843-83770B5307DE}.Debug|iPhoneSimulator.Deploy.0 = Debug|Any CPU
		{D5122DB2-AEA5-47A3-9843-83770B5307DE}.Debug|x64.ActiveCfg = Debug|Any CPU
		{D5122DB2-AEA5-47A3-9843-83770B5307DE}.Debug|x64.Build.0 = Debug|Any CPU
		{D5122DB2-AEA5-47A3-9843-83770B5307DE}.Debug|x64.Deploy.0 = Debug|Any CPU
		{D5122DB2-AEA5-47A3-9843-83770B5307DE}.Debug|x86.ActiveCfg = Debug|Any CPU
		{D5122DB2-AEA5-47A3-9843-83770B5307DE}.Debug|x86.Build.0 = Debug|Any CPU
		{D5122DB2-AEA5-47A3-9843-83770B5307DE}.Debug|x86.Deploy.0 = Debug|Any CPU
		{D5122DB2-AEA5-47A3-9843-83770B5307DE}.Release|Any CPU.ActiveCfg = Release|Any CPU
		{D5122DB2-AEA5-47A3-9843-83770B5307DE}.Release|Any CPU.Build.0 = Release|Any CPU
		{D5122DB2-AEA5-47A3-9843-83770B5307DE}.Release|Any CPU.Deploy.0 = Release|Any CPU
		{D5122DB2-AEA5-47A3-9843-83770B5307DE}.Release|ARM.ActiveCfg = Release|Any CPU
		{D5122DB2-AEA5-47A3-9843-83770B5307DE}.Release|ARM.Build.0 = Release|Any CPU
		{D5122DB2-AEA5-47A3-9843-83770B5307DE}.Release|ARM.Deploy.0 = Release|Any CPU
		{D5122DB2-AEA5-47A3-9843-83770B5307DE}.Release|iPhone.ActiveCfg = Release|Any CPU
		{D5122DB2-AEA5-47A3-9843-83770B5307DE}.Release|iPhone.Build.0 = Release|Any CPU
		{D5122DB2-AEA5-47A3-9843-83770B5307DE}.Release|iPhone.Deploy.0 = Release|Any CPU
		{D5122DB2-AEA5-47A3-9843-83770B5307DE}.Release|iPhoneSimulator.ActiveCfg = Release|Any CPU
		{D5122DB2-AEA5-47A3-9843-83770B5307DE}.Release|iPhoneSimulator.Build.0 = Release|Any CPU
		{D5122DB2-AEA5-47A3-9843-83770B5307DE}.Release|iPhoneSimulator.Deploy.0 = Release|Any CPU
		{D5122DB2-AEA5-47A3-9843-83770B5307DE}.Release|x64.ActiveCfg = Release|Any CPU
		{D5122DB2-AEA5-47A3-9843-83770B5307DE}.Release|x64.Build.0 = Release|Any CPU
		{D5122DB2-AEA5-47A3-9843-83770B5307DE}.Release|x64.Deploy.0 = Release|Any CPU
		{D5122DB2-AEA5-47A3-9843-83770B5307DE}.Release|x86.ActiveCfg = Release|Any CPU
		{D5122DB2-AEA5-47A3-9843-83770B5307DE}.Release|x86.Build.0 = Release|Any CPU
		{D5122DB2-AEA5-47A3-9843-83770B5307DE}.Release|x86.Deploy.0 = Release|Any CPU
		{744EC9A9-35BE-447A-A0E2-B9F4A6010FBC}.Ad-Hoc|Any CPU.ActiveCfg = Ad-Hoc|iPhone
		{744EC9A9-35BE-447A-A0E2-B9F4A6010FBC}.Ad-Hoc|ARM.ActiveCfg = Ad-Hoc|iPhone
		{744EC9A9-35BE-447A-A0E2-B9F4A6010FBC}.Ad-Hoc|iPhone.ActiveCfg = Ad-Hoc|iPhone
		{744EC9A9-35BE-447A-A0E2-B9F4A6010FBC}.Ad-Hoc|iPhone.Build.0 = Ad-Hoc|iPhone
		{744EC9A9-35BE-447A-A0E2-B9F4A6010FBC}.Ad-Hoc|iPhoneSimulator.ActiveCfg = Ad-Hoc|iPhoneSimulator
		{744EC9A9-35BE-447A-A0E2-B9F4A6010FBC}.Ad-Hoc|iPhoneSimulator.Build.0 = Ad-Hoc|iPhoneSimulator
		{744EC9A9-35BE-447A-A0E2-B9F4A6010FBC}.Ad-Hoc|x64.ActiveCfg = Ad-Hoc|iPhone
		{744EC9A9-35BE-447A-A0E2-B9F4A6010FBC}.Ad-Hoc|x86.ActiveCfg = Ad-Hoc|iPhone
		{744EC9A9-35BE-447A-A0E2-B9F4A6010FBC}.AppStore|Any CPU.ActiveCfg = AppStore|iPhone
		{744EC9A9-35BE-447A-A0E2-B9F4A6010FBC}.AppStore|ARM.ActiveCfg = AppStore|iPhone
		{744EC9A9-35BE-447A-A0E2-B9F4A6010FBC}.AppStore|iPhone.ActiveCfg = AppStore|iPhone
		{744EC9A9-35BE-447A-A0E2-B9F4A6010FBC}.AppStore|iPhone.Build.0 = AppStore|iPhone
		{744EC9A9-35BE-447A-A0E2-B9F4A6010FBC}.AppStore|iPhoneSimulator.ActiveCfg = AppStore|iPhoneSimulator
		{744EC9A9-35BE-447A-A0E2-B9F4A6010FBC}.AppStore|iPhoneSimulator.Build.0 = AppStore|iPhoneSimulator
		{744EC9A9-35BE-447A-A0E2-B9F4A6010FBC}.AppStore|x64.ActiveCfg = AppStore|iPhone
		{744EC9A9-35BE-447A-A0E2-B9F4A6010FBC}.AppStore|x86.ActiveCfg = AppStore|iPhone
		{744EC9A9-35BE-447A-A0E2-B9F4A6010FBC}.Debug|Any CPU.ActiveCfg = Debug|iPhone
		{744EC9A9-35BE-447A-A0E2-B9F4A6010FBC}.Debug|ARM.ActiveCfg = Debug|iPhone
		{744EC9A9-35BE-447A-A0E2-B9F4A6010FBC}.Debug|iPhone.ActiveCfg = Debug|iPhone
		{744EC9A9-35BE-447A-A0E2-B9F4A6010FBC}.Debug|iPhone.Build.0 = Debug|iPhone
		{744EC9A9-35BE-447A-A0E2-B9F4A6010FBC}.Debug|iPhoneSimulator.ActiveCfg = Debug|iPhoneSimulator
		{744EC9A9-35BE-447A-A0E2-B9F4A6010FBC}.Debug|iPhoneSimulator.Build.0 = Debug|iPhoneSimulator
		{744EC9A9-35BE-447A-A0E2-B9F4A6010FBC}.Debug|x64.ActiveCfg = Debug|iPhone
		{744EC9A9-35BE-447A-A0E2-B9F4A6010FBC}.Debug|x86.ActiveCfg = Debug|iPhone
		{744EC9A9-35BE-447A-A0E2-B9F4A6010FBC}.Release|Any CPU.ActiveCfg = Release|iPhone
		{744EC9A9-35BE-447A-A0E2-B9F4A6010FBC}.Release|ARM.ActiveCfg = Release|iPhone
		{744EC9A9-35BE-447A-A0E2-B9F4A6010FBC}.Release|iPhone.ActiveCfg = Release|iPhone
		{744EC9A9-35BE-447A-A0E2-B9F4A6010FBC}.Release|iPhone.Build.0 = Release|iPhone
		{744EC9A9-35BE-447A-A0E2-B9F4A6010FBC}.Release|iPhoneSimulator.ActiveCfg = Release|iPhoneSimulator
		{744EC9A9-35BE-447A-A0E2-B9F4A6010FBC}.Release|iPhoneSimulator.Build.0 = Release|iPhoneSimulator
		{744EC9A9-35BE-447A-A0E2-B9F4A6010FBC}.Release|x64.ActiveCfg = Release|iPhone
		{744EC9A9-35BE-447A-A0E2-B9F4A6010FBC}.Release|x86.ActiveCfg = Release|iPhone
		{FFB43D95-39F6-4788-A29B-1D065171F482}.Ad-Hoc|Any CPU.ActiveCfg = Release|x86
		{FFB43D95-39F6-4788-A29B-1D065171F482}.Ad-Hoc|Any CPU.Build.0 = Release|x86
		{FFB43D95-39F6-4788-A29B-1D065171F482}.Ad-Hoc|Any CPU.Deploy.0 = Release|x86
		{FFB43D95-39F6-4788-A29B-1D065171F482}.Ad-Hoc|ARM.ActiveCfg = Release|ARM
		{FFB43D95-39F6-4788-A29B-1D065171F482}.Ad-Hoc|ARM.Build.0 = Release|ARM
		{FFB43D95-39F6-4788-A29B-1D065171F482}.Ad-Hoc|ARM.Deploy.0 = Release|ARM
		{FFB43D95-39F6-4788-A29B-1D065171F482}.Ad-Hoc|iPhone.ActiveCfg = Release|x86
		{FFB43D95-39F6-4788-A29B-1D065171F482}.Ad-Hoc|iPhone.Build.0 = Release|x86
		{FFB43D95-39F6-4788-A29B-1D065171F482}.Ad-Hoc|iPhone.Deploy.0 = Release|x86
		{FFB43D95-39F6-4788-A29B-1D065171F482}.Ad-Hoc|iPhoneSimulator.ActiveCfg = Release|x86
		{FFB43D95-39F6-4788-A29B-1D065171F482}.Ad-Hoc|iPhoneSimulator.Build.0 = Release|x86
		{FFB43D95-39F6-4788-A29B-1D065171F482}.Ad-Hoc|iPhoneSimulator.Deploy.0 = Release|x86
		{FFB43D95-39F6-4788-A29B-1D065171F482}.Ad-Hoc|x64.ActiveCfg = Release|x64
		{FFB43D95-39F6-4788-A29B-1D065171F482}.Ad-Hoc|x64.Build.0 = Release|x64
		{FFB43D95-39F6-4788-A29B-1D065171F482}.Ad-Hoc|x64.Deploy.0 = Release|x64
		{FFB43D95-39F6-4788-A29B-1D065171F482}.Ad-Hoc|x86.ActiveCfg = Release|x86
		{FFB43D95-39F6-4788-A29B-1D065171F482}.Ad-Hoc|x86.Build.0 = Release|x86
		{FFB43D95-39F6-4788-A29B-1D065171F482}.Ad-Hoc|x86.Deploy.0 = Release|x86
		{FFB43D95-39F6-4788-A29B-1D065171F482}.AppStore|Any CPU.ActiveCfg = Release|x86
		{FFB43D95-39F6-4788-A29B-1D065171F482}.AppStore|Any CPU.Build.0 = Release|x86
		{FFB43D95-39F6-4788-A29B-1D065171F482}.AppStore|Any CPU.Deploy.0 = Release|x86
		{FFB43D95-39F6-4788-A29B-1D065171F482}.AppStore|ARM.ActiveCfg = Release|ARM
		{FFB43D95-39F6-4788-A29B-1D065171F482}.AppStore|ARM.Build.0 = Release|ARM
		{FFB43D95-39F6-4788-A29B-1D065171F482}.AppStore|ARM.Deploy.0 = Release|ARM
		{FFB43D95-39F6-4788-A29B-1D065171F482}.AppStore|iPhone.ActiveCfg = Release|x86
		{FFB43D95-39F6-4788-A29B-1D065171F482}.AppStore|iPhone.Build.0 = Release|x86
		{FFB43D95-39F6-4788-A29B-1D065171F482}.AppStore|iPhone.Deploy.0 = Release|x86
		{FFB43D95-39F6-4788-A29B-1D065171F482}.AppStore|iPhoneSimulator.ActiveCfg = Release|x86
		{FFB43D95-39F6-4788-A29B-1D065171F482}.AppStore|iPhoneSimulator.Build.0 = Release|x86
		{FFB43D95-39F6-4788-A29B-1D065171F482}.AppStore|iPhoneSimulator.Deploy.0 = Release|x86
		{FFB43D95-39F6-4788-A29B-1D065171F482}.AppStore|x64.ActiveCfg = Release|x64
		{FFB43D95-39F6-4788-A29B-1D065171F482}.AppStore|x64.Build.0 = Release|x64
		{FFB43D95-39F6-4788-A29B-1D065171F482}.AppStore|x64.Deploy.0 = Release|x64
		{FFB43D95-39F6-4788-A29B-1D065171F482}.AppStore|x86.ActiveCfg = Release|x86
		{FFB43D95-39F6-4788-A29B-1D065171F482}.AppStore|x86.Build.0 = Release|x86
		{FFB43D95-39F6-4788-A29B-1D065171F482}.AppStore|x86.Deploy.0 = Release|x86
		{FFB43D95-39F6-4788-A29B-1D065171F482}.Debug|Any CPU.ActiveCfg = Debug|x86
		{FFB43D95-39F6-4788-A29B-1D065171F482}.Debug|ARM.ActiveCfg = Debug|ARM
		{FFB43D95-39F6-4788-A29B-1D065171F482}.Debug|ARM.Build.0 = Debug|ARM
		{FFB43D95-39F6-4788-A29B-1D065171F482}.Debug|ARM.Deploy.0 = Debug|ARM
		{FFB43D95-39F6-4788-A29B-1D065171F482}.Debug|iPhone.ActiveCfg = Debug|x86
		{FFB43D95-39F6-4788-A29B-1D065171F482}.Debug|iPhoneSimulator.ActiveCfg = Debug|x86
		{FFB43D95-39F6-4788-A29B-1D065171F482}.Debug|x64.ActiveCfg = Debug|x64
		{FFB43D95-39F6-4788-A29B-1D065171F482}.Debug|x64.Build.0 = Debug|x64
		{FFB43D95-39F6-4788-A29B-1D065171F482}.Debug|x64.Deploy.0 = Debug|x64
		{FFB43D95-39F6-4788-A29B-1D065171F482}.Debug|x86.ActiveCfg = Debug|x86
		{FFB43D95-39F6-4788-A29B-1D065171F482}.Debug|x86.Build.0 = Debug|x86
		{FFB43D95-39F6-4788-A29B-1D065171F482}.Debug|x86.Deploy.0 = Debug|x86
		{FFB43D95-39F6-4788-A29B-1D065171F482}.Release|Any CPU.ActiveCfg = Release|x86
		{FFB43D95-39F6-4788-A29B-1D065171F482}.Release|ARM.ActiveCfg = Release|ARM
		{FFB43D95-39F6-4788-A29B-1D065171F482}.Release|ARM.Build.0 = Release|ARM
		{FFB43D95-39F6-4788-A29B-1D065171F482}.Release|ARM.Deploy.0 = Release|ARM
		{FFB43D95-39F6-4788-A29B-1D065171F482}.Release|iPhone.ActiveCfg = Release|x86
		{FFB43D95-39F6-4788-A29B-1D065171F482}.Release|iPhoneSimulator.ActiveCfg = Release|x86
		{FFB43D95-39F6-4788-A29B-1D065171F482}.Release|x64.ActiveCfg = Release|x64
		{FFB43D95-39F6-4788-A29B-1D065171F482}.Release|x64.Build.0 = Release|x64
		{FFB43D95-39F6-4788-A29B-1D065171F482}.Release|x64.Deploy.0 = Release|x64
		{FFB43D95-39F6-4788-A29B-1D065171F482}.Release|x86.ActiveCfg = Release|x86
		{FFB43D95-39F6-4788-A29B-1D065171F482}.Release|x86.Build.0 = Release|x86
		{FFB43D95-39F6-4788-A29B-1D065171F482}.Release|x86.Deploy.0 = Release|x86
		{AFA305E1-4133-4EEE-94EF-4F93EA2CA7F3}.Ad-Hoc|Any CPU.ActiveCfg = Debug|Any CPU
		{AFA305E1-4133-4EEE-94EF-4F93EA2CA7F3}.Ad-Hoc|Any CPU.Build.0 = Debug|Any CPU
		{AFA305E1-4133-4EEE-94EF-4F93EA2CA7F3}.Ad-Hoc|ARM.ActiveCfg = Debug|Any CPU
		{AFA305E1-4133-4EEE-94EF-4F93EA2CA7F3}.Ad-Hoc|ARM.Build.0 = Debug|Any CPU
		{AFA305E1-4133-4EEE-94EF-4F93EA2CA7F3}.Ad-Hoc|iPhone.ActiveCfg = Debug|Any CPU
		{AFA305E1-4133-4EEE-94EF-4F93EA2CA7F3}.Ad-Hoc|iPhone.Build.0 = Debug|Any CPU
		{AFA305E1-4133-4EEE-94EF-4F93EA2CA7F3}.Ad-Hoc|iPhoneSimulator.ActiveCfg = Debug|Any CPU
		{AFA305E1-4133-4EEE-94EF-4F93EA2CA7F3}.Ad-Hoc|iPhoneSimulator.Build.0 = Debug|Any CPU
		{AFA305E1-4133-4EEE-94EF-4F93EA2CA7F3}.Ad-Hoc|x64.ActiveCfg = Debug|Any CPU
		{AFA305E1-4133-4EEE-94EF-4F93EA2CA7F3}.Ad-Hoc|x64.Build.0 = Debug|Any CPU
		{AFA305E1-4133-4EEE-94EF-4F93EA2CA7F3}.Ad-Hoc|x86.ActiveCfg = Debug|Any CPU
		{AFA305E1-4133-4EEE-94EF-4F93EA2CA7F3}.Ad-Hoc|x86.Build.0 = Debug|Any CPU
		{AFA305E1-4133-4EEE-94EF-4F93EA2CA7F3}.AppStore|Any CPU.ActiveCfg = Debug|Any CPU
		{AFA305E1-4133-4EEE-94EF-4F93EA2CA7F3}.AppStore|Any CPU.Build.0 = Debug|Any CPU
		{AFA305E1-4133-4EEE-94EF-4F93EA2CA7F3}.AppStore|ARM.ActiveCfg = Debug|Any CPU
		{AFA305E1-4133-4EEE-94EF-4F93EA2CA7F3}.AppStore|ARM.Build.0 = Debug|Any CPU
		{AFA305E1-4133-4EEE-94EF-4F93EA2CA7F3}.AppStore|iPhone.ActiveCfg = Debug|Any CPU
		{AFA305E1-4133-4EEE-94EF-4F93EA2CA7F3}.AppStore|iPhone.Build.0 = Debug|Any CPU
		{AFA305E1-4133-4EEE-94EF-4F93EA2CA7F3}.AppStore|iPhoneSimulator.ActiveCfg = Debug|Any CPU
		{AFA305E1-4133-4EEE-94EF-4F93EA2CA7F3}.AppStore|iPhoneSimulator.Build.0 = Debug|Any CPU
		{AFA305E1-4133-4EEE-94EF-4F93EA2CA7F3}.AppStore|x64.ActiveCfg = Debug|Any CPU
		{AFA305E1-4133-4EEE-94EF-4F93EA2CA7F3}.AppStore|x64.Build.0 = Debug|Any CPU
		{AFA305E1-4133-4EEE-94EF-4F93EA2CA7F3}.AppStore|x86.ActiveCfg = Debug|Any CPU
		{AFA305E1-4133-4EEE-94EF-4F93EA2CA7F3}.AppStore|x86.Build.0 = Debug|Any CPU
		{AFA305E1-4133-4EEE-94EF-4F93EA2CA7F3}.Debug|Any CPU.ActiveCfg = Debug|Any CPU
		{AFA305E1-4133-4EEE-94EF-4F93EA2CA7F3}.Debug|Any CPU.Build.0 = Debug|Any CPU
		{AFA305E1-4133-4EEE-94EF-4F93EA2CA7F3}.Debug|ARM.ActiveCfg = Debug|Any CPU
		{AFA305E1-4133-4EEE-94EF-4F93EA2CA7F3}.Debug|ARM.Build.0 = Debug|Any CPU
		{AFA305E1-4133-4EEE-94EF-4F93EA2CA7F3}.Debug|iPhone.ActiveCfg = Debug|Any CPU
		{AFA305E1-4133-4EEE-94EF-4F93EA2CA7F3}.Debug|iPhone.Build.0 = Debug|Any CPU
		{AFA305E1-4133-4EEE-94EF-4F93EA2CA7F3}.Debug|iPhoneSimulator.ActiveCfg = Debug|Any CPU
		{AFA305E1-4133-4EEE-94EF-4F93EA2CA7F3}.Debug|iPhoneSimulator.Build.0 = Debug|Any CPU
		{AFA305E1-4133-4EEE-94EF-4F93EA2CA7F3}.Debug|x64.ActiveCfg = Debug|Any CPU
		{AFA305E1-4133-4EEE-94EF-4F93EA2CA7F3}.Debug|x64.Build.0 = Debug|Any CPU
		{AFA305E1-4133-4EEE-94EF-4F93EA2CA7F3}.Debug|x86.ActiveCfg = Debug|Any CPU
		{AFA305E1-4133-4EEE-94EF-4F93EA2CA7F3}.Debug|x86.Build.0 = Debug|Any CPU
		{AFA305E1-4133-4EEE-94EF-4F93EA2CA7F3}.Release|Any CPU.ActiveCfg = Release|Any CPU
		{AFA305E1-4133-4EEE-94EF-4F93EA2CA7F3}.Release|Any CPU.Build.0 = Release|Any CPU
		{AFA305E1-4133-4EEE-94EF-4F93EA2CA7F3}.Release|ARM.ActiveCfg = Release|Any CPU
		{AFA305E1-4133-4EEE-94EF-4F93EA2CA7F3}.Release|ARM.Build.0 = Release|Any CPU
		{AFA305E1-4133-4EEE-94EF-4F93EA2CA7F3}.Release|iPhone.ActiveCfg = Release|Any CPU
		{AFA305E1-4133-4EEE-94EF-4F93EA2CA7F3}.Release|iPhone.Build.0 = Release|Any CPU
		{AFA305E1-4133-4EEE-94EF-4F93EA2CA7F3}.Release|iPhoneSimulator.ActiveCfg = Release|Any CPU
		{AFA305E1-4133-4EEE-94EF-4F93EA2CA7F3}.Release|iPhoneSimulator.Build.0 = Release|Any CPU
		{AFA305E1-4133-4EEE-94EF-4F93EA2CA7F3}.Release|x64.ActiveCfg = Release|Any CPU
		{AFA305E1-4133-4EEE-94EF-4F93EA2CA7F3}.Release|x64.Build.0 = Release|Any CPU
		{AFA305E1-4133-4EEE-94EF-4F93EA2CA7F3}.Release|x86.ActiveCfg = Release|Any CPU
		{AFA305E1-4133-4EEE-94EF-4F93EA2CA7F3}.Release|x86.Build.0 = Release|Any CPU
	EndGlobalSection
	GlobalSection(SolutionProperties) = preSolution
		HideSolutionNode = FALSE
	EndGlobalSection
	GlobalSection(ExtensibilityGlobals) = postSolution
		SolutionGuid = {6361694A-6AB1-4C55-9BE9-B66508A1EE63}
	EndGlobalSection
EndGlobal
